// !$*UTF8*$!
{
	archiveVersion = 1;
	classes = {
	};
	objectVersion = 50;
	objects = {

/* Begin PBXBuildFile section */
		F01BCFB028D5CEFC00B37545 /* AppInfoView.swift in Sources */ = {isa = PBXBuildFile; fileRef = F01BCFAF28D5CEFC00B37545 /* AppInfoView.swift */; };
		F041E6D927AA76610059D299 /* DragState.swift in Sources */ = {isa = PBXBuildFile; fileRef = F041E6D827AA76610059D299 /* DragState.swift */; };
		F041E6DB27B2F6700059D299 /* MatchView.swift in Sources */ = {isa = PBXBuildFile; fileRef = F041E6DA27B2F6700059D299 /* MatchView.swift */; };
		F056C539279FCF7700CAA430 /* MessagesView.swift in Sources */ = {isa = PBXBuildFile; fileRef = F056C538279FCF7700CAA430 /* MessagesView.swift */; };
		F056C53D27A14CCD00CAA430 /* ContentView.swift in Sources */ = {isa = PBXBuildFile; fileRef = F056C53C27A14CCD00CAA430 /* ContentView.swift */; };
		F056C54127A15CC400CAA430 /* MessageComponent.swift in Sources */ = {isa = PBXBuildFile; fileRef = F056C54027A15CC400CAA430 /* MessageComponent.swift */; };
		F056C54327A1AC2B00CAA430 /* ViewExtension.swift in Sources */ = {isa = PBXBuildFile; fileRef = F056C54227A1AC2B00CAA430 /* ViewExtension.swift */; };
		F05B1F2D28CA7A9400EDFCF8 /* CachedAsyncImage.swift in Sources */ = {isa = PBXBuildFile; fileRef = F05B1F2C28CA7A9400EDFCF8 /* CachedAsyncImage.swift */; };
		F06742E7276E40C700488A5C /* StringExtension.swift in Sources */ = {isa = PBXBuildFile; fileRef = F06742E6276E40C700488A5C /* StringExtension.swift */; };
		F06742E9276E411C00488A5C /* RichText.swift in Sources */ = {isa = PBXBuildFile; fileRef = F06742E8276E411C00488A5C /* RichText.swift */; };
		F099C39B26AB216800379601 /* AuthView.swift in Sources */ = {isa = PBXBuildFile; fileRef = F099C39A26AB216800379601 /* AuthView.swift */; };
		F099C39E26AB294000379601 /* HomeView.swift in Sources */ = {isa = PBXBuildFile; fileRef = F099C39D26AB294000379601 /* HomeView.swift */; };
		F099C3AC26AEE89F00379601 /* WebService.swift in Sources */ = {isa = PBXBuildFile; fileRef = F099C3AB26AEE89F00379601 /* WebService.swift */; };
		F099C3B126AEEC1A00379601 /* HomeViewModel.swift in Sources */ = {isa = PBXBuildFile; fileRef = F099C3B026AEEC1A00379601 /* HomeViewModel.swift */; };
		F099C3C026AFEFFF00379601 /* Constants.swift in Sources */ = {isa = PBXBuildFile; fileRef = F099C3BF26AFEFFF00379601 /* Constants.swift */; };
		F0A23825263C3E36006DC490 /* Assets.xcassets in Resources */ = {isa = PBXBuildFile; fileRef = F0A23824263C3E36006DC490 /* Assets.xcassets */; };
		F0A23828263C3E36006DC490 /* Preview Assets.xcassets in Resources */ = {isa = PBXBuildFile; fileRef = F0A23827263C3E36006DC490 /* Preview Assets.xcassets */; };
		F0A2382B263C3E36006DC490 /* LaunchScreen.storyboard in Resources */ = {isa = PBXBuildFile; fileRef = F0A23829263C3E36006DC490 /* LaunchScreen.storyboard */; };
		F0A23836263C4085006DC490 /* Character.swift in Sources */ = {isa = PBXBuildFile; fileRef = F0A23835263C4085006DC490 /* Character.swift */; };
		F0A2383F263C4149006DC490 /* CardView.swift in Sources */ = {isa = PBXBuildFile; fileRef = F0A2383E263C4149006DC490 /* CardView.swift */; };
		F0A23843263C423C006DC490 /* HeaderView.swift in Sources */ = {isa = PBXBuildFile; fileRef = F0A23842263C423C006DC490 /* HeaderView.swift */; };
		F0A23849263C4294006DC490 /* ProfileView.swift in Sources */ = {isa = PBXBuildFile; fileRef = F0A23848263C4294006DC490 /* ProfileView.swift */; };
		F0A23853263C4349006DC490 /* CardTransition.swift in Sources */ = {isa = PBXBuildFile; fileRef = F0A23852263C4349006DC490 /* CardTransition.swift */; };
		F0A23859263C4398006DC490 /* TitleModifier.swift in Sources */ = {isa = PBXBuildFile; fileRef = F0A23858263C4398006DC490 /* TitleModifier.swift */; };
		F0A2385C263C43AD006DC490 /* SymbolModifier.swift in Sources */ = {isa = PBXBuildFile; fileRef = F0A2385B263C43AD006DC490 /* SymbolModifier.swift */; };
		F0A2385F263C43C7006DC490 /* ButtonModifier.swift in Sources */ = {isa = PBXBuildFile; fileRef = F0A2385E263C43C7006DC490 /* ButtonModifier.swift */; };
		F0A23865263C4404006DC490 /* GuideComponent.swift in Sources */ = {isa = PBXBuildFile; fileRef = F0A23864263C4404006DC490 /* GuideComponent.swift */; };
		F0FE149D2761006A00BDE5C2 /* DatingApp.swift in Sources */ = {isa = PBXBuildFile; fileRef = F0FE149C2761006A00BDE5C2 /* DatingApp.swift */; };
		F0FE14A72765F37400BDE5C2 /* DatingAppTests.swift in Sources */ = {isa = PBXBuildFile; fileRef = F0FE14A62765F37400BDE5C2 /* DatingAppTests.swift */; };
		F0FE14AF2765F3E800BDE5C2 /* WebServiceStub.swift in Sources */ = {isa = PBXBuildFile; fileRef = F0FE14AE2765F3E800BDE5C2 /* WebServiceStub.swift */; };
		F0FE14B22765F58400BDE5C2 /* WebServiceTests.swift in Sources */ = {isa = PBXBuildFile; fileRef = F0FE14B12765F58400BDE5C2 /* WebServiceTests.swift */; };
/* End PBXBuildFile section */

/* Begin PBXContainerItemProxy section */
		F0FE14A82765F37400BDE5C2 /* PBXContainerItemProxy */ = {
			isa = PBXContainerItemProxy;
			containerPortal = F0A23813263C3E36006DC490 /* Project object */;
			proxyType = 1;
			remoteGlobalIDString = F0A2381A263C3E36006DC490;
			remoteInfo = DatingApp;
		};
/* End PBXContainerItemProxy section */

/* Begin PBXFileReference section */
		F01BCFAF28D5CEFC00B37545 /* AppInfoView.swift */ = {isa = PBXFileReference; lastKnownFileType = sourcecode.swift; path = AppInfoView.swift; sourceTree = "<group>"; };
		F041E6D827AA76610059D299 /* DragState.swift */ = {isa = PBXFileReference; lastKnownFileType = sourcecode.swift; path = DragState.swift; sourceTree = "<group>"; };
		F041E6DA27B2F6700059D299 /* MatchView.swift */ = {isa = PBXFileReference; lastKnownFileType = sourcecode.swift; path = MatchView.swift; sourceTree = "<group>"; };
		F056C538279FCF7700CAA430 /* MessagesView.swift */ = {isa = PBXFileReference; lastKnownFileType = sourcecode.swift; path = MessagesView.swift; sourceTree = "<group>"; };
		F056C53C27A14CCD00CAA430 /* ContentView.swift */ = {isa = PBXFileReference; lastKnownFileType = sourcecode.swift; path = ContentView.swift; sourceTree = "<group>"; };
		F056C54027A15CC400CAA430 /* MessageComponent.swift */ = {isa = PBXFileReference; lastKnownFileType = sourcecode.swift; path = MessageComponent.swift; sourceTree = "<group>"; };
		F056C54227A1AC2B00CAA430 /* ViewExtension.swift */ = {isa = PBXFileReference; lastKnownFileType = sourcecode.swift; path = ViewExtension.swift; sourceTree = "<group>"; };
		F05B1F2C28CA7A9400EDFCF8 /* CachedAsyncImage.swift */ = {isa = PBXFileReference; lastKnownFileType = sourcecode.swift; path = CachedAsyncImage.swift; sourceTree = "<group>"; };
		F06742E6276E40C700488A5C /* StringExtension.swift */ = {isa = PBXFileReference; lastKnownFileType = sourcecode.swift; path = StringExtension.swift; sourceTree = "<group>"; };
		F06742E8276E411C00488A5C /* RichText.swift */ = {isa = PBXFileReference; lastKnownFileType = sourcecode.swift; path = RichText.swift; sourceTree = "<group>"; };
		F099C39A26AB216800379601 /* AuthView.swift */ = {isa = PBXFileReference; lastKnownFileType = sourcecode.swift; path = AuthView.swift; sourceTree = "<group>"; };
		F099C39D26AB294000379601 /* HomeView.swift */ = {isa = PBXFileReference; lastKnownFileType = sourcecode.swift; path = HomeView.swift; sourceTree = "<group>"; };
		F099C3AB26AEE89F00379601 /* WebService.swift */ = {isa = PBXFileReference; lastKnownFileType = sourcecode.swift; path = WebService.swift; sourceTree = "<group>"; };
		F099C3B026AEEC1A00379601 /* HomeViewModel.swift */ = {isa = PBXFileReference; lastKnownFileType = sourcecode.swift; path = HomeViewModel.swift; sourceTree = "<group>"; };
		F099C3BF26AFEFFF00379601 /* Constants.swift */ = {isa = PBXFileReference; lastKnownFileType = sourcecode.swift; path = Constants.swift; sourceTree = "<group>"; };
		F0A2381B263C3E36006DC490 /* DatingApp.app */ = {isa = PBXFileReference; explicitFileType = wrapper.application; includeInIndex = 0; path = DatingApp.app; sourceTree = BUILT_PRODUCTS_DIR; };
		F0A23824263C3E36006DC490 /* Assets.xcassets */ = {isa = PBXFileReference; lastKnownFileType = folder.assetcatalog; path = Assets.xcassets; sourceTree = "<group>"; };
		F0A23827263C3E36006DC490 /* Preview Assets.xcassets */ = {isa = PBXFileReference; lastKnownFileType = folder.assetcatalog; path = "Preview Assets.xcassets"; sourceTree = "<group>"; };
		F0A2382A263C3E36006DC490 /* Base */ = {isa = PBXFileReference; lastKnownFileType = file.storyboard; name = Base; path = Base.lproj/LaunchScreen.storyboard; sourceTree = "<group>"; };
		F0A2382C263C3E36006DC490 /* Info.plist */ = {isa = PBXFileReference; lastKnownFileType = text.plist.xml; path = Info.plist; sourceTree = "<group>"; };
		F0A23835263C4085006DC490 /* Character.swift */ = {isa = PBXFileReference; lastKnownFileType = sourcecode.swift; path = Character.swift; sourceTree = "<group>"; };
		F0A2383E263C4149006DC490 /* CardView.swift */ = {isa = PBXFileReference; lastKnownFileType = sourcecode.swift; path = CardView.swift; sourceTree = "<group>"; };
		F0A23842263C423C006DC490 /* HeaderView.swift */ = {isa = PBXFileReference; lastKnownFileType = sourcecode.swift; path = HeaderView.swift; sourceTree = "<group>"; };
		F0A23848263C4294006DC490 /* ProfileView.swift */ = {isa = PBXFileReference; lastKnownFileType = sourcecode.swift; path = ProfileView.swift; sourceTree = "<group>"; };
		F0A23852263C4349006DC490 /* CardTransition.swift */ = {isa = PBXFileReference; lastKnownFileType = sourcecode.swift; path = CardTransition.swift; sourceTree = "<group>"; };
		F0A23858263C4398006DC490 /* TitleModifier.swift */ = {isa = PBXFileReference; lastKnownFileType = sourcecode.swift; path = TitleModifier.swift; sourceTree = "<group>"; };
		F0A2385B263C43AD006DC490 /* SymbolModifier.swift */ = {isa = PBXFileReference; lastKnownFileType = sourcecode.swift; path = SymbolModifier.swift; sourceTree = "<group>"; };
		F0A2385E263C43C7006DC490 /* ButtonModifier.swift */ = {isa = PBXFileReference; lastKnownFileType = sourcecode.swift; path = ButtonModifier.swift; sourceTree = "<group>"; };
		F0A23864263C4404006DC490 /* GuideComponent.swift */ = {isa = PBXFileReference; lastKnownFileType = sourcecode.swift; path = GuideComponent.swift; sourceTree = "<group>"; };
		F0FE149C2761006A00BDE5C2 /* DatingApp.swift */ = {isa = PBXFileReference; lastKnownFileType = sourcecode.swift; path = DatingApp.swift; sourceTree = "<group>"; };
		F0FE14A42765F37400BDE5C2 /* DatingAppTests.xctest */ = {isa = PBXFileReference; explicitFileType = wrapper.cfbundle; includeInIndex = 0; path = DatingAppTests.xctest; sourceTree = BUILT_PRODUCTS_DIR; };
		F0FE14A62765F37400BDE5C2 /* DatingAppTests.swift */ = {isa = PBXFileReference; lastKnownFileType = sourcecode.swift; path = DatingAppTests.swift; sourceTree = "<group>"; };
		F0FE14AE2765F3E800BDE5C2 /* WebServiceStub.swift */ = {isa = PBXFileReference; lastKnownFileType = sourcecode.swift; path = WebServiceStub.swift; sourceTree = "<group>"; };
		F0FE14B12765F58400BDE5C2 /* WebServiceTests.swift */ = {isa = PBXFileReference; lastKnownFileType = sourcecode.swift; path = WebServiceTests.swift; sourceTree = "<group>"; };
/* End PBXFileReference section */

/* Begin PBXFrameworksBuildPhase section */
		F0A23818263C3E36006DC490 /* Frameworks */ = {
			isa = PBXFrameworksBuildPhase;
			buildActionMask = 2147483647;
			files = (
			);
			runOnlyForDeploymentPostprocessing = 0;
		};
		F0FE14A12765F37400BDE5C2 /* Frameworks */ = {
			isa = PBXFrameworksBuildPhase;
			buildActionMask = 2147483647;
			files = (
			);
			runOnlyForDeploymentPostprocessing = 0;
		};
/* End PBXFrameworksBuildPhase section */

/* Begin PBXGroup section */
		F069A7B32654E228005375D1 /* Support Files */ = {
			isa = PBXGroup;
			children = (
				F0A23824263C3E36006DC490 /* Assets.xcassets */,
				F0A23829263C3E36006DC490 /* LaunchScreen.storyboard */,
				F0A2382C263C3E36006DC490 /* Info.plist */,
				F0FE149C2761006A00BDE5C2 /* DatingApp.swift */,
			);
			path = "Support Files";
			sourceTree = "<group>";
		};
		F099C3AA26AEE88C00379601 /* Services */ = {
			isa = PBXGroup;
			children = (
				F099C3AB26AEE89F00379601 /* WebService.swift */,
			);
			path = Services;
			sourceTree = "<group>";
		};
		F099C3AF26AEEC0E00379601 /* View Models */ = {
			isa = PBXGroup;
			children = (
				F099C3B026AEEC1A00379601 /* HomeViewModel.swift */,
			);
			path = "View Models";
			sourceTree = "<group>";
		};
		F0A23812263C3E36006DC490 = {
			isa = PBXGroup;
			children = (
				F0A2381D263C3E36006DC490 /* DatingApp */,
				F0FE14A52765F37400BDE5C2 /* DatingAppTests */,
				F0A2381C263C3E36006DC490 /* Products */,
			);
			sourceTree = "<group>";
		};
		F0A2381C263C3E36006DC490 /* Products */ = {
			isa = PBXGroup;
			children = (
				F0A2381B263C3E36006DC490 /* DatingApp.app */,
				F0FE14A42765F37400BDE5C2 /* DatingAppTests.xctest */,
			);
			name = Products;
			sourceTree = "<group>";
		};
		F0A2381D263C3E36006DC490 /* DatingApp */ = {
			isa = PBXGroup;
			children = (
				F099C3AF26AEEC0E00379601 /* View Models */,
				F099C3AA26AEE88C00379601 /* Services */,
				F0A23851263C4324006DC490 /* Modifiers */,
				F0A23850263C4314006DC490 /* Extensions */,
				F0A2384F263C430E006DC490 /* Helpers */,
				F0A2384E263C42FE006DC490 /* Views */,
				F0A2383D263C412D006DC490 /* Screens */,
				F0A23834263C4073006DC490 /* Models */,
				F069A7B32654E228005375D1 /* Support Files */,
				F0A23826263C3E36006DC490 /* Preview Content */,
			);
			path = DatingApp;
			sourceTree = "<group>";
		};
		F0A23826263C3E36006DC490 /* Preview Content */ = {
			isa = PBXGroup;
			children = (
				F0A23827263C3E36006DC490 /* Preview Assets.xcassets */,
			);
			path = "Preview Content";
			sourceTree = "<group>";
		};
		F0A23834263C4073006DC490 /* Models */ = {
			isa = PBXGroup;
			children = (
				F0A23835263C4085006DC490 /* Character.swift */,
				F041E6D827AA76610059D299 /* DragState.swift */,
			);
			path = Models;
			sourceTree = "<group>";
		};
		F0A2383D263C412D006DC490 /* Screens */ = {
			isa = PBXGroup;
			children = (
				F0A23848263C4294006DC490 /* ProfileView.swift */,
				F099C39A26AB216800379601 /* AuthView.swift */,
				F099C39D26AB294000379601 /* HomeView.swift */,
				F056C538279FCF7700CAA430 /* MessagesView.swift */,
				F056C53C27A14CCD00CAA430 /* ContentView.swift */,
			);
			path = Screens;
			sourceTree = "<group>";
		};
		F0A2384E263C42FE006DC490 /* Views */ = {
			isa = PBXGroup;
			children = (
				F0A23864263C4404006DC490 /* GuideComponent.swift */,
				F0A23842263C423C006DC490 /* HeaderView.swift */,
				F0A2383E263C4149006DC490 /* CardView.swift */,
				F06742E8276E411C00488A5C /* RichText.swift */,
				F056C54027A15CC400CAA430 /* MessageComponent.swift */,
				F041E6DA27B2F6700059D299 /* MatchView.swift */,
				F01BCFAF28D5CEFC00B37545 /* AppInfoView.swift */,
			);
			path = Views;
			sourceTree = "<group>";
		};
		F0A2384F263C430E006DC490 /* Helpers */ = {
			isa = PBXGroup;
			children = (
				F099C3BF26AFEFFF00379601 /* Constants.swift */,
			);
			path = Helpers;
			sourceTree = "<group>";
		};
		F0A23850263C4314006DC490 /* Extensions */ = {
			isa = PBXGroup;
			children = (
				F0A23852263C4349006DC490 /* CardTransition.swift */,
				F06742E6276E40C700488A5C /* StringExtension.swift */,
				F056C54227A1AC2B00CAA430 /* ViewExtension.swift */,
				F05B1F2C28CA7A9400EDFCF8 /* CachedAsyncImage.swift */,
			);
			path = Extensions;
			sourceTree = "<group>";
		};
		F0A23851263C4324006DC490 /* Modifiers */ = {
			isa = PBXGroup;
			children = (
				F0A23858263C4398006DC490 /* TitleModifier.swift */,
				F0A2385B263C43AD006DC490 /* SymbolModifier.swift */,
				F0A2385E263C43C7006DC490 /* ButtonModifier.swift */,
			);
			path = Modifiers;
			sourceTree = "<group>";
		};
		F0FE14A52765F37400BDE5C2 /* DatingAppTests */ = {
			isa = PBXGroup;
			children = (
				F0FE14B02765F56A00BDE5C2 /* Services */,
				F0FE14AD2765F3D700BDE5C2 /* Stubs */,
				F0FE14A62765F37400BDE5C2 /* DatingAppTests.swift */,
			);
			path = DatingAppTests;
			sourceTree = "<group>";
		};
		F0FE14AD2765F3D700BDE5C2 /* Stubs */ = {
			isa = PBXGroup;
			children = (
				F0FE14AE2765F3E800BDE5C2 /* WebServiceStub.swift */,
			);
			path = Stubs;
			sourceTree = "<group>";
		};
		F0FE14B02765F56A00BDE5C2 /* Services */ = {
			isa = PBXGroup;
			children = (
				F0FE14B12765F58400BDE5C2 /* WebServiceTests.swift */,
			);
			path = Services;
			sourceTree = "<group>";
		};
/* End PBXGroup section */

/* Begin PBXNativeTarget section */
		F0A2381A263C3E36006DC490 /* DatingApp */ = {
			isa = PBXNativeTarget;
			buildConfigurationList = F0A2382F263C3E36006DC490 /* Build configuration list for PBXNativeTarget "DatingApp" */;
			buildPhases = (
				F0A23817263C3E36006DC490 /* Sources */,
				F0A23818263C3E36006DC490 /* Frameworks */,
				F0A23819263C3E36006DC490 /* Resources */,
			);
			buildRules = (
			);
			dependencies = (
			);
			name = DatingApp;
			productName = Honeymoon;
			productReference = F0A2381B263C3E36006DC490 /* DatingApp.app */;
			productType = "com.apple.product-type.application";
		};
		F0FE14A32765F37400BDE5C2 /* DatingAppTests */ = {
			isa = PBXNativeTarget;
			buildConfigurationList = F0FE14AC2765F37400BDE5C2 /* Build configuration list for PBXNativeTarget "DatingAppTests" */;
			buildPhases = (
				F0FE14A02765F37400BDE5C2 /* Sources */,
				F0FE14A12765F37400BDE5C2 /* Frameworks */,
				F0FE14A22765F37400BDE5C2 /* Resources */,
			);
			buildRules = (
			);
			dependencies = (
				F0FE14A92765F37400BDE5C2 /* PBXTargetDependency */,
			);
			name = DatingAppTests;
			productName = DatingAppTests;
			productReference = F0FE14A42765F37400BDE5C2 /* DatingAppTests.xctest */;
			productType = "com.apple.product-type.bundle.unit-test";
		};
/* End PBXNativeTarget section */

/* Begin PBXProject section */
		F0A23813263C3E36006DC490 /* Project object */ = {
			isa = PBXProject;
			attributes = {
				LastSwiftUpdateCheck = 1310;
				LastUpgradeCheck = 1240;
				TargetAttributes = {
					F0A2381A263C3E36006DC490 = {
						CreatedOnToolsVersion = 12.4;
					};
					F0FE14A32765F37400BDE5C2 = {
						CreatedOnToolsVersion = 13.1;
						TestTargetID = F0A2381A263C3E36006DC490;
					};
				};
			};
			buildConfigurationList = F0A23816263C3E36006DC490 /* Build configuration list for PBXProject "DatingApp" */;
			compatibilityVersion = "Xcode 9.3";
			developmentRegion = en;
			hasScannedForEncodings = 0;
			knownRegions = (
				en,
				Base,
			);
			mainGroup = F0A23812263C3E36006DC490;
			productRefGroup = F0A2381C263C3E36006DC490 /* Products */;
			projectDirPath = "";
			projectRoot = "";
			targets = (
				F0A2381A263C3E36006DC490 /* DatingApp */,
				F0FE14A32765F37400BDE5C2 /* DatingAppTests */,
			);
		};
/* End PBXProject section */

/* Begin PBXResourcesBuildPhase section */
		F0A23819263C3E36006DC490 /* Resources */ = {
			isa = PBXResourcesBuildPhase;
			buildActionMask = 2147483647;
			files = (
				F0A2382B263C3E36006DC490 /* LaunchScreen.storyboard in Resources */,
				F0A23828263C3E36006DC490 /* Preview Assets.xcassets in Resources */,
				F0A23825263C3E36006DC490 /* Assets.xcassets in Resources */,
			);
			runOnlyForDeploymentPostprocessing = 0;
		};
		F0FE14A22765F37400BDE5C2 /* Resources */ = {
			isa = PBXResourcesBuildPhase;
			buildActionMask = 2147483647;
			files = (
			);
			runOnlyForDeploymentPostprocessing = 0;
		};
/* End PBXResourcesBuildPhase section */

/* Begin PBXSourcesBuildPhase section */
		F0A23817263C3E36006DC490 /* Sources */ = {
			isa = PBXSourcesBuildPhase;
			buildActionMask = 2147483647;
			files = (
				F0A23849263C4294006DC490 /* ProfileView.swift in Sources */,
				F041E6D927AA76610059D299 /* DragState.swift in Sources */,
				F099C3B126AEEC1A00379601 /* HomeViewModel.swift in Sources */,
				F0A23865263C4404006DC490 /* GuideComponent.swift in Sources */,
				F099C3C026AFEFFF00379601 /* Constants.swift in Sources */,
				F056C54327A1AC2B00CAA430 /* ViewExtension.swift in Sources */,
				F0A23836263C4085006DC490 /* Character.swift in Sources */,
				F0A2385C263C43AD006DC490 /* SymbolModifier.swift in Sources */,
				F0A23859263C4398006DC490 /* TitleModifier.swift in Sources */,
				F01BCFB028D5CEFC00B37545 /* AppInfoView.swift in Sources */,
				F041E6DB27B2F6700059D299 /* MatchView.swift in Sources */,
				F099C3AC26AEE89F00379601 /* WebService.swift in Sources */,
				F056C53D27A14CCD00CAA430 /* ContentView.swift in Sources */,
				F05B1F2D28CA7A9400EDFCF8 /* CachedAsyncImage.swift in Sources */,
				F0A23853263C4349006DC490 /* CardTransition.swift in Sources */,
				F06742E9276E411C00488A5C /* RichText.swift in Sources */,
				F0A2385F263C43C7006DC490 /* ButtonModifier.swift in Sources */,
				F0FE149D2761006A00BDE5C2 /* DatingApp.swift in Sources */,
				F099C39E26AB294000379601 /* HomeView.swift in Sources */,
				F0A2383F263C4149006DC490 /* CardView.swift in Sources */,
				F099C39B26AB216800379601 /* AuthView.swift in Sources */,
				F056C54127A15CC400CAA430 /* MessageComponent.swift in Sources */,
				F056C539279FCF7700CAA430 /* MessagesView.swift in Sources */,
				F06742E7276E40C700488A5C /* StringExtension.swift in Sources */,
				F0A23843263C423C006DC490 /* HeaderView.swift in Sources */,
			);
			runOnlyForDeploymentPostprocessing = 0;
		};
		F0FE14A02765F37400BDE5C2 /* Sources */ = {
			isa = PBXSourcesBuildPhase;
			buildActionMask = 2147483647;
			files = (
				F0FE14AF2765F3E800BDE5C2 /* WebServiceStub.swift in Sources */,
				F0FE14B22765F58400BDE5C2 /* WebServiceTests.swift in Sources */,
				F0FE14A72765F37400BDE5C2 /* DatingAppTests.swift in Sources */,
			);
			runOnlyForDeploymentPostprocessing = 0;
		};
/* End PBXSourcesBuildPhase section */

/* Begin PBXTargetDependency section */
		F0FE14A92765F37400BDE5C2 /* PBXTargetDependency */ = {
			isa = PBXTargetDependency;
			target = F0A2381A263C3E36006DC490 /* DatingApp */;
			targetProxy = F0FE14A82765F37400BDE5C2 /* PBXContainerItemProxy */;
		};
/* End PBXTargetDependency section */

/* Begin PBXVariantGroup section */
		F0A23829263C3E36006DC490 /* LaunchScreen.storyboard */ = {
			isa = PBXVariantGroup;
			children = (
				F0A2382A263C3E36006DC490 /* Base */,
			);
			name = LaunchScreen.storyboard;
			sourceTree = "<group>";
		};
/* End PBXVariantGroup section */

/* Begin XCBuildConfiguration section */
		F0A2382D263C3E36006DC490 /* Debug */ = {
			isa = XCBuildConfiguration;
			buildSettings = {
				ALWAYS_SEARCH_USER_PATHS = NO;
				CLANG_ANALYZER_NONNULL = YES;
				CLANG_ANALYZER_NUMBER_OBJECT_CONVERSION = YES_AGGRESSIVE;
				CLANG_CXX_LANGUAGE_STANDARD = "gnu++14";
				CLANG_CXX_LIBRARY = "libc++";
				CLANG_ENABLE_MODULES = YES;
				CLANG_ENABLE_OBJC_ARC = YES;
				CLANG_ENABLE_OBJC_WEAK = YES;
				CLANG_WARN_BLOCK_CAPTURE_AUTORELEASING = YES;
				CLANG_WARN_BOOL_CONVERSION = YES;
				CLANG_WARN_COMMA = YES;
				CLANG_WARN_CONSTANT_CONVERSION = YES;
				CLANG_WARN_DEPRECATED_OBJC_IMPLEMENTATIONS = YES;
				CLANG_WARN_DIRECT_OBJC_ISA_USAGE = YES_ERROR;
				CLANG_WARN_DOCUMENTATION_COMMENTS = YES;
				CLANG_WARN_EMPTY_BODY = YES;
				CLANG_WARN_ENUM_CONVERSION = YES;
				CLANG_WARN_INFINITE_RECURSION = YES;
				CLANG_WARN_INT_CONVERSION = YES;
				CLANG_WARN_NON_LITERAL_NULL_CONVERSION = YES;
				CLANG_WARN_OBJC_IMPLICIT_RETAIN_SELF = YES;
				CLANG_WARN_OBJC_LITERAL_CONVERSION = YES;
				CLANG_WARN_OBJC_ROOT_CLASS = YES_ERROR;
				CLANG_WARN_QUOTED_INCLUDE_IN_FRAMEWORK_HEADER = YES;
				CLANG_WARN_RANGE_LOOP_ANALYSIS = YES;
				CLANG_WARN_STRICT_PROTOTYPES = YES;
				CLANG_WARN_SUSPICIOUS_MOVE = YES;
				CLANG_WARN_UNGUARDED_AVAILABILITY = YES_AGGRESSIVE;
				CLANG_WARN_UNREACHABLE_CODE = YES;
				CLANG_WARN__DUPLICATE_METHOD_MATCH = YES;
				COPY_PHASE_STRIP = NO;
				DEBUG_INFORMATION_FORMAT = dwarf;
				ENABLE_STRICT_OBJC_MSGSEND = YES;
				ENABLE_TESTABILITY = YES;
				GCC_C_LANGUAGE_STANDARD = gnu11;
				GCC_DYNAMIC_NO_PIC = NO;
				GCC_NO_COMMON_BLOCKS = YES;
				GCC_OPTIMIZATION_LEVEL = 0;
				GCC_PREPROCESSOR_DEFINITIONS = (
					"DEBUG=1",
					"$(inherited)",
				);
				GCC_WARN_64_TO_32_BIT_CONVERSION = YES;
				GCC_WARN_ABOUT_RETURN_TYPE = YES_ERROR;
				GCC_WARN_UNDECLARED_SELECTOR = YES;
				GCC_WARN_UNINITIALIZED_AUTOS = YES_AGGRESSIVE;
				GCC_WARN_UNUSED_FUNCTION = YES;
				GCC_WARN_UNUSED_VARIABLE = YES;
				IPHONEOS_DEPLOYMENT_TARGET = 15.4;
				MTL_ENABLE_DEBUG_INFO = INCLUDE_SOURCE;
				MTL_FAST_MATH = YES;
				ONLY_ACTIVE_ARCH = YES;
				SDKROOT = iphoneos;
				SWIFT_ACTIVE_COMPILATION_CONDITIONS = DEBUG;
				SWIFT_OPTIMIZATION_LEVEL = "-Onone";
			};
			name = Debug;
		};
		F0A2382E263C3E36006DC490 /* Release */ = {
			isa = XCBuildConfiguration;
			buildSettings = {
				ALWAYS_SEARCH_USER_PATHS = NO;
				CLANG_ANALYZER_NONNULL = YES;
				CLANG_ANALYZER_NUMBER_OBJECT_CONVERSION = YES_AGGRESSIVE;
				CLANG_CXX_LANGUAGE_STANDARD = "gnu++14";
				CLANG_CXX_LIBRARY = "libc++";
				CLANG_ENABLE_MODULES = YES;
				CLANG_ENABLE_OBJC_ARC = YES;
				CLANG_ENABLE_OBJC_WEAK = YES;
				CLANG_WARN_BLOCK_CAPTURE_AUTORELEASING = YES;
				CLANG_WARN_BOOL_CONVERSION = YES;
				CLANG_WARN_COMMA = YES;
				CLANG_WARN_CONSTANT_CONVERSION = YES;
				CLANG_WARN_DEPRECATED_OBJC_IMPLEMENTATIONS = YES;
				CLANG_WARN_DIRECT_OBJC_ISA_USAGE = YES_ERROR;
				CLANG_WARN_DOCUMENTATION_COMMENTS = YES;
				CLANG_WARN_EMPTY_BODY = YES;
				CLANG_WARN_ENUM_CONVERSION = YES;
				CLANG_WARN_INFINITE_RECURSION = YES;
				CLANG_WARN_INT_CONVERSION = YES;
				CLANG_WARN_NON_LITERAL_NULL_CONVERSION = YES;
				CLANG_WARN_OBJC_IMPLICIT_RETAIN_SELF = YES;
				CLANG_WARN_OBJC_LITERAL_CONVERSION = YES;
				CLANG_WARN_OBJC_ROOT_CLASS = YES_ERROR;
				CLANG_WARN_QUOTED_INCLUDE_IN_FRAMEWORK_HEADER = YES;
				CLANG_WARN_RANGE_LOOP_ANALYSIS = YES;
				CLANG_WARN_STRICT_PROTOTYPES = YES;
				CLANG_WARN_SUSPICIOUS_MOVE = YES;
				CLANG_WARN_UNGUARDED_AVAILABILITY = YES_AGGRESSIVE;
				CLANG_WARN_UNREACHABLE_CODE = YES;
				CLANG_WARN__DUPLICATE_METHOD_MATCH = YES;
				COPY_PHASE_STRIP = NO;
				DEBUG_INFORMATION_FORMAT = "dwarf-with-dsym";
				ENABLE_NS_ASSERTIONS = NO;
				ENABLE_STRICT_OBJC_MSGSEND = YES;
				GCC_C_LANGUAGE_STANDARD = gnu11;
				GCC_NO_COMMON_BLOCKS = YES;
				GCC_WARN_64_TO_32_BIT_CONVERSION = YES;
				GCC_WARN_ABOUT_RETURN_TYPE = YES_ERROR;
				GCC_WARN_UNDECLARED_SELECTOR = YES;
				GCC_WARN_UNINITIALIZED_AUTOS = YES_AGGRESSIVE;
				GCC_WARN_UNUSED_FUNCTION = YES;
				GCC_WARN_UNUSED_VARIABLE = YES;
				IPHONEOS_DEPLOYMENT_TARGET = 15.4;
				MTL_ENABLE_DEBUG_INFO = NO;
				MTL_FAST_MATH = YES;
				SDKROOT = iphoneos;
				SWIFT_COMPILATION_MODE = wholemodule;
				SWIFT_OPTIMIZATION_LEVEL = "-O";
				VALIDATE_PRODUCT = YES;
			};
			name = Release;
		};
		F0A23830263C3E36006DC490 /* Debug */ = {
			isa = XCBuildConfiguration;
			buildSettings = {
				ASSETCATALOG_COMPILER_APPICON_NAME = AppIcon;
				ASSETCATALOG_COMPILER_GLOBAL_ACCENT_COLOR_NAME = AccentColor;
				ASSETCATALOG_COMPILER_INCLUDE_ALL_APPICON_ASSETS = NO;
				CODE_SIGN_STYLE = Automatic;
				CURRENT_PROJECT_VERSION = 5;
				DEVELOPMENT_ASSET_PATHS = "\"DatingApp/Preview Content\"";
				DEVELOPMENT_TEAM = QMW26WR72K;
				ENABLE_PREVIEWS = YES;
				INFOPLIST_FILE = "DatingApp/Support Files/Info.plist";
				IPHONEOS_DEPLOYMENT_TARGET = 15.4;
				LD_RUNPATH_SEARCH_PATHS = (
					"$(inherited)",
					"@executable_path/Frameworks",
				);
				MARKETING_VERSION = 3.2.4;
				PRODUCT_BUNDLE_IDENTIFIER = co.armanabkar.DatingApp;
				PRODUCT_NAME = "$(TARGET_NAME)";
				SWIFT_VERSION = 5.0;
				TARGETED_DEVICE_FAMILY = "1,2";
			};
			name = Debug;
		};
		F0A23831263C3E36006DC490 /* Release */ = {
			isa = XCBuildConfiguration;
			buildSettings = {
				ASSETCATALOG_COMPILER_APPICON_NAME = AppIcon;
				ASSETCATALOG_COMPILER_GLOBAL_ACCENT_COLOR_NAME = AccentColor;
				ASSETCATALOG_COMPILER_INCLUDE_ALL_APPICON_ASSETS = NO;
				CODE_SIGN_STYLE = Automatic;
				CURRENT_PROJECT_VERSION = 5;
				DEVELOPMENT_ASSET_PATHS = "\"DatingApp/Preview Content\"";
				DEVELOPMENT_TEAM = QMW26WR72K;
				ENABLE_PREVIEWS = YES;
				INFOPLIST_FILE = "DatingApp/Support Files/Info.plist";
				IPHONEOS_DEPLOYMENT_TARGET = 15.4;
				LD_RUNPATH_SEARCH_PATHS = (
					"$(inherited)",
					"@executable_path/Frameworks",
				);
				MARKETING_VERSION = 3.2.4;
				PRODUCT_BUNDLE_IDENTIFIER = co.armanabkar.DatingApp;
				PRODUCT_NAME = "$(TARGET_NAME)";
				SWIFT_VERSION = 5.0;
				TARGETED_DEVICE_FAMILY = "1,2";
			};
			name = Release;
		};
		F0FE14AA2765F37400BDE5C2 /* Debug */ = {
			isa = XCBuildConfiguration;
			buildSettings = {
				BUNDLE_LOADER = "$(TEST_HOST)";
				CLANG_CXX_LANGUAGE_STANDARD = "gnu++17";
				CODE_SIGN_STYLE = Automatic;
				CURRENT_PROJECT_VERSION = 1;
				DEVELOPMENT_TEAM = QMW26WR72K;
				GENERATE_INFOPLIST_FILE = YES;
				LD_RUNPATH_SEARCH_PATHS = (
					"$(inherited)",
					"@executable_path/Frameworks",
					"@loader_path/Frameworks",
				);
				MARKETING_VERSION = 1.0;
				PRODUCT_BUNDLE_IDENTIFIER = co.armanabkar.DatingAppTests;
				PRODUCT_NAME = "$(TARGET_NAME)";
				SWIFT_EMIT_LOC_STRINGS = NO;
				SWIFT_VERSION = 5.0;
				TARGETED_DEVICE_FAMILY = "1,2";
				TEST_HOST = "$(BUILT_PRODUCTS_DIR)/DatingApp.app/DatingApp";
			};
			name = Debug;
		};
		F0FE14AB2765F37400BDE5C2 /* Release */ = {
			isa = XCBuildConfiguration;
			buildSettings = {
				BUNDLE_LOADER = "$(TEST_HOST)";
				CLANG_CXX_LANGUAGE_STANDARD = "gnu++17";
				CODE_SIGN_STYLE = Automatic;
				CURRENT_PROJECT_VERSION = 1;
				DEVELOPMENT_TEAM = QMW26WR72K;
				GENERATE_INFOPLIST_FILE = YES;
				LD_RUNPATH_SEARCH_PATHS = (
					"$(inherited)",
					"@executable_path/Frameworks",
					"@loader_path/Frameworks",
				);
				MARKETING_VERSION = 1.0;
				PRODUCT_BUNDLE_IDENTIFIER = co.armanabkar.DatingAppTests;
				PRODUCT_NAME = "$(TARGET_NAME)";
				SWIFT_EMIT_LOC_STRINGS = NO;
				SWIFT_VERSION = 5.0;
				TARGETED_DEVICE_FAMILY = "1,2";
				TEST_HOST = "$(BUILT_PRODUCTS_DIR)/DatingApp.app/DatingApp";
			};
			name = Release;
		};
/* End XCBuildConfiguration section */

/* Begin XCConfigurationList section */
		F0A23816263C3E36006DC490 /* Build configuration list for PBXProject "DatingApp" */ = {
			isa = XCConfigurationList;
			buildConfigurations = (
				F0A2382D263C3E36006DC490 /* Debug */,
				F0A2382E263C3E36006DC490 /* Release */,
			);
			defaultConfigurationIsVisible = 0;
			defaultConfigurationName = Release;
		};
		F0A2382F263C3E36006DC490 /* Build configuration list for PBXNativeTarget "DatingApp" */ = {
			isa = XCConfigurationList;
			buildConfigurations = (
				F0A23830263C3E36006DC490 /* Debug */,
				F0A23831263C3E36006DC490 /* Release */,
			);
			defaultConfigurationIsVisible = 0;
			defaultConfigurationName = Release;
		};
		F0FE14AC2765F37400BDE5C2 /* Build configuration list for PBXNativeTarget "DatingAppTests" */ = {
			isa = XCConfigurationList;
			buildConfigurations = (
				F0FE14AA2765F37400BDE5C2 /* Debug */,
				F0FE14AB2765F37400BDE5C2 /* Release */,
			);
			defaultConfigurationIsVisible = 0;
			defaultConfigurationName = Release;
		};
/* End XCConfigurationList section */
	};
	rootObject = F0A23813263C3E36006DC490 /* Project object */;
}
