// !$*UTF8*$!
{
	archiveVersion = 1;
	classes = {
	};
	objectVersion = 50;
	objects = {

/* Begin PBXBuildFile section */
		F099C39B26AB216800379601 /* AuthView.swift in Sources */ = {isa = PBXBuildFile; fileRef = F099C39A26AB216800379601 /* AuthView.swift */; };
		F099C39E26AB294000379601 /* HomeView.swift in Sources */ = {isa = PBXBuildFile; fileRef = F099C39D26AB294000379601 /* HomeView.swift */; };
		F099C3A526ADC07800379601 /* NavigationViewExtension.swift in Sources */ = {isa = PBXBuildFile; fileRef = F099C3A426ADC07800379601 /* NavigationViewExtension.swift */; };
		F099C3AC26AEE89F00379601 /* WebService.swift in Sources */ = {isa = PBXBuildFile; fileRef = F099C3AB26AEE89F00379601 /* WebService.swift */; };
		F099C3B126AEEC1A00379601 /* HomeViewModel.swift in Sources */ = {isa = PBXBuildFile; fileRef = F099C3B026AEEC1A00379601 /* HomeViewModel.swift */; };
		F099C3B426AF130B00379601 /* ImageLoader.swift in Sources */ = {isa = PBXBuildFile; fileRef = F099C3B326AF130B00379601 /* ImageLoader.swift */; };
		F099C3B726AF13FF00379601 /* ImageView.swift in Sources */ = {isa = PBXBuildFile; fileRef = F099C3B626AF13FF00379601 /* ImageView.swift */; };
		F0A2381F263C3E36006DC490 /* AppDelegate.swift in Sources */ = {isa = PBXBuildFile; fileRef = F0A2381E263C3E36006DC490 /* AppDelegate.swift */; };
		F0A23821263C3E36006DC490 /* SceneDelegate.swift in Sources */ = {isa = PBXBuildFile; fileRef = F0A23820263C3E36006DC490 /* SceneDelegate.swift */; };
		F0A23825263C3E36006DC490 /* Assets.xcassets in Resources */ = {isa = PBXBuildFile; fileRef = F0A23824263C3E36006DC490 /* Assets.xcassets */; };
		F0A23828263C3E36006DC490 /* Preview Assets.xcassets in Resources */ = {isa = PBXBuildFile; fileRef = F0A23827263C3E36006DC490 /* Preview Assets.xcassets */; };
		F0A2382B263C3E36006DC490 /* LaunchScreen.storyboard in Resources */ = {isa = PBXBuildFile; fileRef = F0A23829263C3E36006DC490 /* LaunchScreen.storyboard */; };
		F0A23836263C4085006DC490 /* Character.swift in Sources */ = {isa = PBXBuildFile; fileRef = F0A23835263C4085006DC490 /* Character.swift */; };
		F0A2383F263C4149006DC490 /* CardView.swift in Sources */ = {isa = PBXBuildFile; fileRef = F0A2383E263C4149006DC490 /* CardView.swift */; };
		F0A23843263C423C006DC490 /* HeaderView.swift in Sources */ = {isa = PBXBuildFile; fileRef = F0A23842263C423C006DC490 /* HeaderView.swift */; };
		F0A23846263C426E006DC490 /* InfoView.swift in Sources */ = {isa = PBXBuildFile; fileRef = F0A23845263C426E006DC490 /* InfoView.swift */; };
		F0A23849263C4294006DC490 /* ProfileView.swift in Sources */ = {isa = PBXBuildFile; fileRef = F0A23848263C4294006DC490 /* ProfileView.swift */; };
		F0A2384C263C42BC006DC490 /* FooterView.swift in Sources */ = {isa = PBXBuildFile; fileRef = F0A2384B263C42BC006DC490 /* FooterView.swift */; };
		F0A23853263C4349006DC490 /* CardTransition.swift in Sources */ = {isa = PBXBuildFile; fileRef = F0A23852263C4349006DC490 /* CardTransition.swift */; };
		F0A23856263C4363006DC490 /* PlaySound.swift in Sources */ = {isa = PBXBuildFile; fileRef = F0A23855263C4363006DC490 /* PlaySound.swift */; };
		F0A23859263C4398006DC490 /* TitleModifier.swift in Sources */ = {isa = PBXBuildFile; fileRef = F0A23858263C4398006DC490 /* TitleModifier.swift */; };
		F0A2385C263C43AD006DC490 /* SymbolModifier.swift in Sources */ = {isa = PBXBuildFile; fileRef = F0A2385B263C43AD006DC490 /* SymbolModifier.swift */; };
		F0A2385F263C43C7006DC490 /* ButtonModifier.swift in Sources */ = {isa = PBXBuildFile; fileRef = F0A2385E263C43C7006DC490 /* ButtonModifier.swift */; };
		F0A23862263C43F6006DC490 /* HeaderComponent.swift in Sources */ = {isa = PBXBuildFile; fileRef = F0A23861263C43F6006DC490 /* HeaderComponent.swift */; };
		F0A23865263C4404006DC490 /* GuideComponent.swift in Sources */ = {isa = PBXBuildFile; fileRef = F0A23864263C4404006DC490 /* GuideComponent.swift */; };
		F0A2386A263C49E6006DC490 /* sound-click.mp3 in Resources */ = {isa = PBXBuildFile; fileRef = F0A23868263C49E6006DC490 /* sound-click.mp3 */; };
		F0A2386B263C49E6006DC490 /* sound-rise.mp3 in Resources */ = {isa = PBXBuildFile; fileRef = F0A23869263C49E6006DC490 /* sound-rise.mp3 */; };
/* End PBXBuildFile section */

/* Begin PBXFileReference section */
		F099C39A26AB216800379601 /* AuthView.swift */ = {isa = PBXFileReference; lastKnownFileType = sourcecode.swift; path = AuthView.swift; sourceTree = "<group>"; };
		F099C39D26AB294000379601 /* HomeView.swift */ = {isa = PBXFileReference; lastKnownFileType = sourcecode.swift; path = HomeView.swift; sourceTree = "<group>"; };
		F099C3A426ADC07800379601 /* NavigationViewExtension.swift */ = {isa = PBXFileReference; lastKnownFileType = sourcecode.swift; path = NavigationViewExtension.swift; sourceTree = "<group>"; };
		F099C3AB26AEE89F00379601 /* WebService.swift */ = {isa = PBXFileReference; lastKnownFileType = sourcecode.swift; path = WebService.swift; sourceTree = "<group>"; };
		F099C3B026AEEC1A00379601 /* HomeViewModel.swift */ = {isa = PBXFileReference; lastKnownFileType = sourcecode.swift; path = HomeViewModel.swift; sourceTree = "<group>"; };
		F099C3B326AF130B00379601 /* ImageLoader.swift */ = {isa = PBXFileReference; lastKnownFileType = sourcecode.swift; path = ImageLoader.swift; sourceTree = "<group>"; };
		F099C3B626AF13FF00379601 /* ImageView.swift */ = {isa = PBXFileReference; lastKnownFileType = sourcecode.swift; path = ImageView.swift; sourceTree = "<group>"; };
		F0A2381B263C3E36006DC490 /* DatingSwiftUI.app */ = {isa = PBXFileReference; explicitFileType = wrapper.application; includeInIndex = 0; path = DatingSwiftUI.app; sourceTree = BUILT_PRODUCTS_DIR; };
		F0A2381E263C3E36006DC490 /* AppDelegate.swift */ = {isa = PBXFileReference; lastKnownFileType = sourcecode.swift; path = AppDelegate.swift; sourceTree = "<group>"; };
		F0A23820263C3E36006DC490 /* SceneDelegate.swift */ = {isa = PBXFileReference; lastKnownFileType = sourcecode.swift; path = SceneDelegate.swift; sourceTree = "<group>"; };
		F0A23824263C3E36006DC490 /* Assets.xcassets */ = {isa = PBXFileReference; lastKnownFileType = folder.assetcatalog; path = Assets.xcassets; sourceTree = "<group>"; };
		F0A23827263C3E36006DC490 /* Preview Assets.xcassets */ = {isa = PBXFileReference; lastKnownFileType = folder.assetcatalog; path = "Preview Assets.xcassets"; sourceTree = "<group>"; };
		F0A2382A263C3E36006DC490 /* Base */ = {isa = PBXFileReference; lastKnownFileType = file.storyboard; name = Base; path = Base.lproj/LaunchScreen.storyboard; sourceTree = "<group>"; };
		F0A2382C263C3E36006DC490 /* Info.plist */ = {isa = PBXFileReference; lastKnownFileType = text.plist.xml; path = Info.plist; sourceTree = "<group>"; };
		F0A23835263C4085006DC490 /* Character.swift */ = {isa = PBXFileReference; lastKnownFileType = sourcecode.swift; path = Character.swift; sourceTree = "<group>"; };
		F0A2383E263C4149006DC490 /* CardView.swift */ = {isa = PBXFileReference; lastKnownFileType = sourcecode.swift; path = CardView.swift; sourceTree = "<group>"; };
		F0A23842263C423C006DC490 /* HeaderView.swift */ = {isa = PBXFileReference; lastKnownFileType = sourcecode.swift; path = HeaderView.swift; sourceTree = "<group>"; };
		F0A23845263C426E006DC490 /* InfoView.swift */ = {isa = PBXFileReference; lastKnownFileType = sourcecode.swift; path = InfoView.swift; sourceTree = "<group>"; };
		F0A23848263C4294006DC490 /* ProfileView.swift */ = {isa = PBXFileReference; lastKnownFileType = sourcecode.swift; path = ProfileView.swift; sourceTree = "<group>"; };
		F0A2384B263C42BC006DC490 /* FooterView.swift */ = {isa = PBXFileReference; lastKnownFileType = sourcecode.swift; path = FooterView.swift; sourceTree = "<group>"; };
		F0A23852263C4349006DC490 /* CardTransition.swift */ = {isa = PBXFileReference; lastKnownFileType = sourcecode.swift; path = CardTransition.swift; sourceTree = "<group>"; };
		F0A23855263C4363006DC490 /* PlaySound.swift */ = {isa = PBXFileReference; lastKnownFileType = sourcecode.swift; path = PlaySound.swift; sourceTree = "<group>"; };
		F0A23858263C4398006DC490 /* TitleModifier.swift */ = {isa = PBXFileReference; lastKnownFileType = sourcecode.swift; path = TitleModifier.swift; sourceTree = "<group>"; };
		F0A2385B263C43AD006DC490 /* SymbolModifier.swift */ = {isa = PBXFileReference; lastKnownFileType = sourcecode.swift; path = SymbolModifier.swift; sourceTree = "<group>"; };
		F0A2385E263C43C7006DC490 /* ButtonModifier.swift */ = {isa = PBXFileReference; lastKnownFileType = sourcecode.swift; path = ButtonModifier.swift; sourceTree = "<group>"; };
		F0A23861263C43F6006DC490 /* HeaderComponent.swift */ = {isa = PBXFileReference; lastKnownFileType = sourcecode.swift; path = HeaderComponent.swift; sourceTree = "<group>"; };
		F0A23864263C4404006DC490 /* GuideComponent.swift */ = {isa = PBXFileReference; lastKnownFileType = sourcecode.swift; path = GuideComponent.swift; sourceTree = "<group>"; };
		F0A23868263C49E6006DC490 /* sound-click.mp3 */ = {isa = PBXFileReference; lastKnownFileType = audio.mp3; path = "sound-click.mp3"; sourceTree = "<group>"; };
		F0A23869263C49E6006DC490 /* sound-rise.mp3 */ = {isa = PBXFileReference; lastKnownFileType = audio.mp3; path = "sound-rise.mp3"; sourceTree = "<group>"; };
/* End PBXFileReference section */

/* Begin PBXFrameworksBuildPhase section */
		F0A23818263C3E36006DC490 /* Frameworks */ = {
			isa = PBXFrameworksBuildPhase;
			buildActionMask = 2147483647;
			files = (
			);
			runOnlyForDeploymentPostprocessing = 0;
		};
/* End PBXFrameworksBuildPhase section */

/* Begin PBXGroup section */
		F069A7B32654E228005375D1 /* Support Files */ = {
			isa = PBXGroup;
			children = (
				F0A2381E263C3E36006DC490 /* AppDelegate.swift */,
				F0A23820263C3E36006DC490 /* SceneDelegate.swift */,
				F0A23824263C3E36006DC490 /* Assets.xcassets */,
				F0A23829263C3E36006DC490 /* LaunchScreen.storyboard */,
				F0A2382C263C3E36006DC490 /* Info.plist */,
			);
			path = "Support Files";
			sourceTree = "<group>";
		};
		F099C3AA26AEE88C00379601 /* Services */ = {
			isa = PBXGroup;
			children = (
				F099C3AB26AEE89F00379601 /* WebService.swift */,
			);
			path = Services;
			sourceTree = "<group>";
		};
		F099C3AF26AEEC0E00379601 /* View Models */ = {
			isa = PBXGroup;
			children = (
				F099C3B026AEEC1A00379601 /* HomeViewModel.swift */,
			);
			path = "View Models";
			sourceTree = "<group>";
		};
		F0A23812263C3E36006DC490 = {
			isa = PBXGroup;
			children = (
				F0A2381D263C3E36006DC490 /* DatingSwiftUI */,
				F0A2381C263C3E36006DC490 /* Products */,
			);
			sourceTree = "<group>";
		};
		F0A2381C263C3E36006DC490 /* Products */ = {
			isa = PBXGroup;
			children = (
				F0A2381B263C3E36006DC490 /* DatingSwiftUI.app */,
			);
			name = Products;
			sourceTree = "<group>";
		};
		F0A2381D263C3E36006DC490 /* DatingSwiftUI */ = {
			isa = PBXGroup;
			children = (
				F099C3AF26AEEC0E00379601 /* View Models */,
				F099C3AA26AEE88C00379601 /* Services */,
				F0A23867263C49D3006DC490 /* Sound */,
				F0A23851263C4324006DC490 /* Modifier */,
				F0A23850263C4314006DC490 /* Extension */,
				F0A2384F263C430E006DC490 /* Helper */,
				F0A2384E263C42FE006DC490 /* Component */,
				F0A2383D263C412D006DC490 /* View */,
				F0A23834263C4073006DC490 /* Model */,
				F069A7B32654E228005375D1 /* Support Files */,
				F0A23826263C3E36006DC490 /* Preview Content */,
			);
			path = DatingSwiftUI;
			sourceTree = "<group>";
		};
		F0A23826263C3E36006DC490 /* Preview Content */ = {
			isa = PBXGroup;
			children = (
				F0A23827263C3E36006DC490 /* Preview Assets.xcassets */,
			);
			path = "Preview Content";
			sourceTree = "<group>";
		};
		F0A23834263C4073006DC490 /* Model */ = {
			isa = PBXGroup;
			children = (
				F0A23835263C4085006DC490 /* Character.swift */,
			);
			path = Model;
			sourceTree = "<group>";
		};
		F0A2383D263C412D006DC490 /* View */ = {
			isa = PBXGroup;
			children = (
				F0A23842263C423C006DC490 /* HeaderView.swift */,
				F0A23845263C426E006DC490 /* InfoView.swift */,
				F0A23848263C4294006DC490 /* ProfileView.swift */,
				F0A2384B263C42BC006DC490 /* FooterView.swift */,
				F0A2383E263C4149006DC490 /* CardView.swift */,
				F099C39A26AB216800379601 /* AuthView.swift */,
				F099C39D26AB294000379601 /* HomeView.swift */,
				F099C3B626AF13FF00379601 /* ImageView.swift */,
			);
			path = View;
			sourceTree = "<group>";
		};
		F0A2384E263C42FE006DC490 /* Component */ = {
			isa = PBXGroup;
			children = (
				F0A23861263C43F6006DC490 /* HeaderComponent.swift */,
				F0A23864263C4404006DC490 /* GuideComponent.swift */,
			);
			path = Component;
			sourceTree = "<group>";
		};
		F0A2384F263C430E006DC490 /* Helper */ = {
			isa = PBXGroup;
			children = (
				F0A23855263C4363006DC490 /* PlaySound.swift */,
				F099C3B326AF130B00379601 /* ImageLoader.swift */,
			);
			path = Helper;
			sourceTree = "<group>";
		};
		F0A23850263C4314006DC490 /* Extension */ = {
			isa = PBXGroup;
			children = (
				F0A23852263C4349006DC490 /* CardTransition.swift */,
				F099C3A426ADC07800379601 /* NavigationViewExtension.swift */,
			);
			path = Extension;
			sourceTree = "<group>";
		};
		F0A23851263C4324006DC490 /* Modifier */ = {
			isa = PBXGroup;
			children = (
				F0A23858263C4398006DC490 /* TitleModifier.swift */,
				F0A2385B263C43AD006DC490 /* SymbolModifier.swift */,
				F0A2385E263C43C7006DC490 /* ButtonModifier.swift */,
			);
			path = Modifier;
			sourceTree = "<group>";
		};
		F0A23867263C49D3006DC490 /* Sound */ = {
			isa = PBXGroup;
			children = (
				F0A23868263C49E6006DC490 /* sound-click.mp3 */,
				F0A23869263C49E6006DC490 /* sound-rise.mp3 */,
			);
			path = Sound;
			sourceTree = "<group>";
		};
/* End PBXGroup section */

/* Begin PBXNativeTarget section */
		F0A2381A263C3E36006DC490 /* DatingSwiftUI */ = {
			isa = PBXNativeTarget;
			buildConfigurationList = F0A2382F263C3E36006DC490 /* Build configuration list for PBXNativeTarget "DatingSwiftUI" */;
			buildPhases = (
				F0A23817263C3E36006DC490 /* Sources */,
				F0A23818263C3E36006DC490 /* Frameworks */,
				F0A23819263C3E36006DC490 /* Resources */,
			);
			buildRules = (
			);
			dependencies = (
			);
			name = DatingSwiftUI;
			productName = Honeymoon;
			productReference = F0A2381B263C3E36006DC490 /* DatingSwiftUI.app */;
			productType = "com.apple.product-type.application";
		};
/* End PBXNativeTarget section */

/* Begin PBXProject section */
		F0A23813263C3E36006DC490 /* Project object */ = {
			isa = PBXProject;
			attributes = {
				LastSwiftUpdateCheck = 1240;
				LastUpgradeCheck = 1240;
				TargetAttributes = {
					F0A2381A263C3E36006DC490 = {
						CreatedOnToolsVersion = 12.4;
					};
				};
			};
			buildConfigurationList = F0A23816263C3E36006DC490 /* Build configuration list for PBXProject "DatingSwiftUI" */;
			compatibilityVersion = "Xcode 9.3";
			developmentRegion = en;
			hasScannedForEncodings = 0;
			knownRegions = (
				en,
				Base,
			);
			mainGroup = F0A23812263C3E36006DC490;
			productRefGroup = F0A2381C263C3E36006DC490 /* Products */;
			projectDirPath = "";
			projectRoot = "";
			targets = (
				F0A2381A263C3E36006DC490 /* DatingSwiftUI */,
			);
		};
/* End PBXProject section */

/* Begin PBXResourcesBuildPhase section */
		F0A23819263C3E36006DC490 /* Resources */ = {
			isa = PBXResourcesBuildPhase;
			buildActionMask = 2147483647;
			files = (
				F0A2386B263C49E6006DC490 /* sound-rise.mp3 in Resources */,
				F0A2382B263C3E36006DC490 /* LaunchScreen.storyboard in Resources */,
				F0A2386A263C49E6006DC490 /* sound-click.mp3 in Resources */,
				F0A23828263C3E36006DC490 /* Preview Assets.xcassets in Resources */,
				F0A23825263C3E36006DC490 /* Assets.xcassets in Resources */,
			);
			runOnlyForDeploymentPostprocessing = 0;
		};
/* End PBXResourcesBuildPhase section */

/* Begin PBXSourcesBuildPhase section */
		F0A23817263C3E36006DC490 /* Sources */ = {
			isa = PBXSourcesBuildPhase;
			buildActionMask = 2147483647;
			files = (
				F099C3B726AF13FF00379601 /* ImageView.swift in Sources */,
				F0A23849263C4294006DC490 /* ProfileView.swift in Sources */,
				F099C3B126AEEC1A00379601 /* HomeViewModel.swift in Sources */,
				F0A23856263C4363006DC490 /* PlaySound.swift in Sources */,
				F0A23846263C426E006DC490 /* InfoView.swift in Sources */,
				F0A23865263C4404006DC490 /* GuideComponent.swift in Sources */,
				F0A23836263C4085006DC490 /* Character.swift in Sources */,
				F0A2385C263C43AD006DC490 /* SymbolModifier.swift in Sources */,
				F0A23859263C4398006DC490 /* TitleModifier.swift in Sources */,
				F099C3A526ADC07800379601 /* NavigationViewExtension.swift in Sources */,
				F099C3AC26AEE89F00379601 /* WebService.swift in Sources */,
				F0A2384C263C42BC006DC490 /* FooterView.swift in Sources */,
				F0A2381F263C3E36006DC490 /* AppDelegate.swift in Sources */,
				F0A23853263C4349006DC490 /* CardTransition.swift in Sources */,
				F0A2385F263C43C7006DC490 /* ButtonModifier.swift in Sources */,
				F099C3B426AF130B00379601 /* ImageLoader.swift in Sources */,
				F0A23821263C3E36006DC490 /* SceneDelegate.swift in Sources */,
				F099C39E26AB294000379601 /* HomeView.swift in Sources */,
				F0A23862263C43F6006DC490 /* HeaderComponent.swift in Sources */,
				F0A2383F263C4149006DC490 /* CardView.swift in Sources */,
				F099C39B26AB216800379601 /* AuthView.swift in Sources */,
				F0A23843263C423C006DC490 /* HeaderView.swift in Sources */,
			);
			runOnlyForDeploymentPostprocessing = 0;
		};
/* End PBXSourcesBuildPhase section */

/* Begin PBXVariantGroup section */
		F0A23829263C3E36006DC490 /* LaunchScreen.storyboard */ = {
			isa = PBXVariantGroup;
			children = (
				F0A2382A263C3E36006DC490 /* Base */,
			);
			name = LaunchScreen.storyboard;
			sourceTree = "<group>";
		};
/* End PBXVariantGroup section */

/* Begin XCBuildConfiguration section */
		F0A2382D263C3E36006DC490 /* Debug */ = {
			isa = XCBuildConfiguration;
			buildSettings = {
				ALWAYS_SEARCH_USER_PATHS = NO;
				CLANG_ANALYZER_NONNULL = YES;
				CLANG_ANALYZER_NUMBER_OBJECT_CONVERSION = YES_AGGRESSIVE;
				CLANG_CXX_LANGUAGE_STANDARD = "gnu++14";
				CLANG_CXX_LIBRARY = "libc++";
				CLANG_ENABLE_MODULES = YES;
				CLANG_ENABLE_OBJC_ARC = YES;
				CLANG_ENABLE_OBJC_WEAK = YES;
				CLANG_WARN_BLOCK_CAPTURE_AUTORELEASING = YES;
				CLANG_WARN_BOOL_CONVERSION = YES;
				CLANG_WARN_COMMA = YES;
				CLANG_WARN_CONSTANT_CONVERSION = YES;
				CLANG_WARN_DEPRECATED_OBJC_IMPLEMENTATIONS = YES;
				CLANG_WARN_DIRECT_OBJC_ISA_USAGE = YES_ERROR;
				CLANG_WARN_DOCUMENTATION_COMMENTS = YES;
				CLANG_WARN_EMPTY_BODY = YES;
				CLANG_WARN_ENUM_CONVERSION = YES;
				CLANG_WARN_INFINITE_RECURSION = YES;
				CLANG_WARN_INT_CONVERSION = YES;
				CLANG_WARN_NON_LITERAL_NULL_CONVERSION = YES;
				CLANG_WARN_OBJC_IMPLICIT_RETAIN_SELF = YES;
				CLANG_WARN_OBJC_LITERAL_CONVERSION = YES;
				CLANG_WARN_OBJC_ROOT_CLASS = YES_ERROR;
				CLANG_WARN_QUOTED_INCLUDE_IN_FRAMEWORK_HEADER = YES;
				CLANG_WARN_RANGE_LOOP_ANALYSIS = YES;
				CLANG_WARN_STRICT_PROTOTYPES = YES;
				CLANG_WARN_SUSPICIOUS_MOVE = YES;
				CLANG_WARN_UNGUARDED_AVAILABILITY = YES_AGGRESSIVE;
				CLANG_WARN_UNREACHABLE_CODE = YES;
				CLANG_WARN__DUPLICATE_METHOD_MATCH = YES;
				COPY_PHASE_STRIP = NO;
				DEBUG_INFORMATION_FORMAT = dwarf;
				ENABLE_STRICT_OBJC_MSGSEND = YES;
				ENABLE_TESTABILITY = YES;
				GCC_C_LANGUAGE_STANDARD = gnu11;
				GCC_DYNAMIC_NO_PIC = NO;
				GCC_NO_COMMON_BLOCKS = YES;
				GCC_OPTIMIZATION_LEVEL = 0;
				GCC_PREPROCESSOR_DEFINITIONS = (
					"DEBUG=1",
					"$(inherited)",
				);
				GCC_WARN_64_TO_32_BIT_CONVERSION = YES;
				GCC_WARN_ABOUT_RETURN_TYPE = YES_ERROR;
				GCC_WARN_UNDECLARED_SELECTOR = YES;
				GCC_WARN_UNINITIALIZED_AUTOS = YES_AGGRESSIVE;
				GCC_WARN_UNUSED_FUNCTION = YES;
				GCC_WARN_UNUSED_VARIABLE = YES;
				IPHONEOS_DEPLOYMENT_TARGET = 14.4;
				MTL_ENABLE_DEBUG_INFO = INCLUDE_SOURCE;
				MTL_FAST_MATH = YES;
				ONLY_ACTIVE_ARCH = YES;
				SDKROOT = iphoneos;
				SWIFT_ACTIVE_COMPILATION_CONDITIONS = DEBUG;
				SWIFT_OPTIMIZATION_LEVEL = "-Onone";
			};
			name = Debug;
		};
		F0A2382E263C3E36006DC490 /* Release */ = {
			isa = XCBuildConfiguration;
			buildSettings = {
				ALWAYS_SEARCH_USER_PATHS = NO;
				CLANG_ANALYZER_NONNULL = YES;
				CLANG_ANALYZER_NUMBER_OBJECT_CONVERSION = YES_AGGRESSIVE;
				CLANG_CXX_LANGUAGE_STANDARD = "gnu++14";
				CLANG_CXX_LIBRARY = "libc++";
				CLANG_ENABLE_MODULES = YES;
				CLANG_ENABLE_OBJC_ARC = YES;
				CLANG_ENABLE_OBJC_WEAK = YES;
				CLANG_WARN_BLOCK_CAPTURE_AUTORELEASING = YES;
				CLANG_WARN_BOOL_CONVERSION = YES;
				CLANG_WARN_COMMA = YES;
				CLANG_WARN_CONSTANT_CONVERSION = YES;
				CLANG_WARN_DEPRECATED_OBJC_IMPLEMENTATIONS = YES;
				CLANG_WARN_DIRECT_OBJC_ISA_USAGE = YES_ERROR;
				CLANG_WARN_DOCUMENTATION_COMMENTS = YES;
				CLANG_WARN_EMPTY_BODY = YES;
				CLANG_WARN_ENUM_CONVERSION = YES;
				CLANG_WARN_INFINITE_RECURSION = YES;
				CLANG_WARN_INT_CONVERSION = YES;
				CLANG_WARN_NON_LITERAL_NULL_CONVERSION = YES;
				CLANG_WARN_OBJC_IMPLICIT_RETAIN_SELF = YES;
				CLANG_WARN_OBJC_LITERAL_CONVERSION = YES;
				CLANG_WARN_OBJC_ROOT_CLASS = YES_ERROR;
				CLANG_WARN_QUOTED_INCLUDE_IN_FRAMEWORK_HEADER = YES;
				CLANG_WARN_RANGE_LOOP_ANALYSIS = YES;
				CLANG_WARN_STRICT_PROTOTYPES = YES;
				CLANG_WARN_SUSPICIOUS_MOVE = YES;
				CLANG_WARN_UNGUARDED_AVAILABILITY = YES_AGGRESSIVE;
				CLANG_WARN_UNREACHABLE_CODE = YES;
				CLANG_WARN__DUPLICATE_METHOD_MATCH = YES;
				COPY_PHASE_STRIP = NO;
				DEBUG_INFORMATION_FORMAT = "dwarf-with-dsym";
				ENABLE_NS_ASSERTIONS = NO;
				ENABLE_STRICT_OBJC_MSGSEND = YES;
				GCC_C_LANGUAGE_STANDARD = gnu11;
				GCC_NO_COMMON_BLOCKS = YES;
				GCC_WARN_64_TO_32_BIT_CONVERSION = YES;
				GCC_WARN_ABOUT_RETURN_TYPE = YES_ERROR;
				GCC_WARN_UNDECLARED_SELECTOR = YES;
				GCC_WARN_UNINITIALIZED_AUTOS = YES_AGGRESSIVE;
				GCC_WARN_UNUSED_FUNCTION = YES;
				GCC_WARN_UNUSED_VARIABLE = YES;
				IPHONEOS_DEPLOYMENT_TARGET = 14.4;
				MTL_ENABLE_DEBUG_INFO = NO;
				MTL_FAST_MATH = YES;
				SDKROOT = iphoneos;
				SWIFT_COMPILATION_MODE = wholemodule;
				SWIFT_OPTIMIZATION_LEVEL = "-O";
				VALIDATE_PRODUCT = YES;
			};
			name = Release;
		};
		F0A23830263C3E36006DC490 /* Debug */ = {
			isa = XCBuildConfiguration;
			buildSettings = {
				ASSETCATALOG_COMPILER_APPICON_NAME = AppIcon;
				ASSETCATALOG_COMPILER_GLOBAL_ACCENT_COLOR_NAME = AccentColor;
				CODE_SIGN_STYLE = Automatic;
				DEVELOPMENT_ASSET_PATHS = "\"DatingSwiftUI/Preview Content\"";
				DEVELOPMENT_TEAM = QMW26WR72K;
				ENABLE_PREVIEWS = YES;
				INFOPLIST_FILE = "DatingSwiftUI/Support Files/Info.plist";
				LD_RUNPATH_SEARCH_PATHS = (
					"$(inherited)",
					"@executable_path/Frameworks",
				);
				PRODUCT_BUNDLE_IDENTIFIER = co.armanabkar.DatingSwiftUI;
				PRODUCT_NAME = "$(TARGET_NAME)";
				SWIFT_VERSION = 5.0;
				TARGETED_DEVICE_FAMILY = "1,2";
			};
			name = Debug;
		};
		F0A23831263C3E36006DC490 /* Release */ = {
			isa = XCBuildConfiguration;
			buildSettings = {
				ASSETCATALOG_COMPILER_APPICON_NAME = AppIcon;
				ASSETCATALOG_COMPILER_GLOBAL_ACCENT_COLOR_NAME = AccentColor;
				CODE_SIGN_STYLE = Automatic;
				DEVELOPMENT_ASSET_PATHS = "\"DatingSwiftUI/Preview Content\"";
				DEVELOPMENT_TEAM = QMW26WR72K;
				ENABLE_PREVIEWS = YES;
				INFOPLIST_FILE = "DatingSwiftUI/Support Files/Info.plist";
				LD_RUNPATH_SEARCH_PATHS = (
					"$(inherited)",
					"@executable_path/Frameworks",
				);
				PRODUCT_BUNDLE_IDENTIFIER = co.armanabkar.DatingSwiftUI;
				PRODUCT_NAME = "$(TARGET_NAME)";
				SWIFT_VERSION = 5.0;
				TARGETED_DEVICE_FAMILY = "1,2";
			};
			name = Release;
		};
/* End XCBuildConfiguration section */

/* Begin XCConfigurationList section */
		F0A23816263C3E36006DC490 /* Build configuration list for PBXProject "DatingSwiftUI" */ = {
			isa = XCConfigurationList;
			buildConfigurations = (
				F0A2382D263C3E36006DC490 /* Debug */,
				F0A2382E263C3E36006DC490 /* Release */,
			);
			defaultConfigurationIsVisible = 0;
			defaultConfigurationName = Release;
		};
		F0A2382F263C3E36006DC490 /* Build configuration list for PBXNativeTarget "DatingSwiftUI" */ = {
			isa = XCConfigurationList;
			buildConfigurations = (
				F0A23830263C3E36006DC490 /* Debug */,
				F0A23831263C3E36006DC490 /* Release */,
			);
			defaultConfigurationIsVisible = 0;
			defaultConfigurationName = Release;
		};
/* End XCConfigurationList section */
	};
	rootObject = F0A23813263C3E36006DC490 /* Project object */;
}
